// !$*UTF8*$!
{
	archiveVersion = 1;
	classes = {
	};
	objectVersion = 46;
	objects = {

/* Begin PBXBuildFile section */
		AD7CED211C8CAD6600462DAC /* AppDelegate.swift in Sources */ = {isa = PBXBuildFile; fileRef = AD7CED201C8CAD6600462DAC /* AppDelegate.swift */; };
		AD7CED231C8CAD6600462DAC /* ViewController.swift in Sources */ = {isa = PBXBuildFile; fileRef = AD7CED221C8CAD6600462DAC /* ViewController.swift */; };
		AD7CED261C8CAD6600462DAC /* Main.storyboard in Resources */ = {isa = PBXBuildFile; fileRef = AD7CED241C8CAD6600462DAC /* Main.storyboard */; };
		AD7CED281C8CAD6600462DAC /* Assets.xcassets in Resources */ = {isa = PBXBuildFile; fileRef = AD7CED271C8CAD6600462DAC /* Assets.xcassets */; };
		AD7CED2B1C8CAD6600462DAC /* LaunchScreen.storyboard in Resources */ = {isa = PBXBuildFile; fileRef = AD7CED291C8CAD6600462DAC /* LaunchScreen.storyboard */; };
/* End PBXBuildFile section */

/* Begin PBXFileReference section */
		AD7CED1D1C8CAD6600462DAC /* MarkingRoute.app */ = {isa = PBXFileReference; explicitFileType = wrapper.application; includeInIndex = 0; path = MarkingRoute.app; sourceTree = BUILT_PRODUCTS_DIR; };
		AD7CED201C8CAD6600462DAC /* AppDelegate.swift */ = {isa = PBXFileReference; lastKnownFileType = sourcecode.swift; path = AppDelegate.swift; sourceTree = "<group>"; };
		AD7CED221C8CAD6600462DAC /* ViewController.swift */ = {isa = PBXFileReference; lastKnownFileType = sourcecode.swift; path = ViewController.swift; sourceTree = "<group>"; };
		AD7CED251C8CAD6600462DAC /* Base */ = {isa = PBXFileReference; lastKnownFileType = file.storyboard; name = Base; path = Base.lproj/Main.storyboard; sourceTree = "<group>"; };
		AD7CED271C8CAD6600462DAC /* Assets.xcassets */ = {isa = PBXFileReference; lastKnownFileType = folder.assetcatalog; path = Assets.xcassets; sourceTree = "<group>"; };
		AD7CED2A1C8CAD6600462DAC /* Base */ = {isa = PBXFileReference; lastKnownFileType = file.storyboard; name = Base; path = Base.lproj/LaunchScreen.storyboard; sourceTree = "<group>"; };
		AD7CED2C1C8CAD6600462DAC /* Info.plist */ = {isa = PBXFileReference; lastKnownFileType = text.plist.xml; path = Info.plist; sourceTree = "<group>"; };
/* End PBXFileReference section */

/* Begin PBXFrameworksBuildPhase section */
		AD7CED1A1C8CAD6600462DAC /* Frameworks */ = {
			isa = PBXFrameworksBuildPhase;
			buildActionMask = 2147483647;
			files = (
			);
			runOnlyForDeploymentPostprocessing = 0;
		};
/* End PBXFrameworksBuildPhase section */

/* Begin PBXGroup section */
		AD7CED141C8CAD6600462DAC = {
			isa = PBXGroup;
			children = (
				AD7CED1F1C8CAD6600462DAC /* MarkingRoute */,
				AD7CED1E1C8CAD6600462DAC /* Products */,
			);
			sourceTree = "<group>";
		};
		AD7CED1E1C8CAD6600462DAC /* Products */ = {
			isa = PBXGroup;
			children = (
				AD7CED1D1C8CAD6600462DAC /* MarkingRoute.app */,
			);
			name = Products;
			sourceTree = "<group>";
		};
		AD7CED1F1C8CAD6600462DAC /* MarkingRoute */ = {
			isa = PBXGroup;
			children = (
				AD7CED201C8CAD6600462DAC /* AppDelegate.swift */,
				AD7CED221C8CAD6600462DAC /* ViewController.swift */,
				AD7CED241C8CAD6600462DAC /* Main.storyboard */,
				AD7CED271C8CAD6600462DAC /* Assets.xcassets */,
				AD7CED291C8CAD6600462DAC /* LaunchScreen.storyboard */,
				AD7CED2C1C8CAD6600462DAC /* Info.plist */,
			);
			path = MarkingRoute;
			sourceTree = "<group>";
		};
/* End PBXGroup section */

/* Begin PBXNativeTarget section */
		AD7CED1C1C8CAD6600462DAC /* MarkingRoute */ = {
			isa = PBXNativeTarget;
			buildConfigurationList = AD7CED2F1C8CAD6600462DAC /* Build configuration list for PBXNativeTarget "MarkingRoute" */;
			buildPhases = (
				AD7CED191C8CAD6600462DAC /* Sources */,
				AD7CED1A1C8CAD6600462DAC /* Frameworks */,
				AD7CED1B1C8CAD6600462DAC /* Resources */,
			);
			buildRules = (
			);
			dependencies = (
			);
			name = MarkingRoute;
			productName = MarkingRoute;
			productReference = AD7CED1D1C8CAD6600462DAC /* MarkingRoute.app */;
			productType = "com.apple.product-type.application";
		};
/* End PBXNativeTarget section */

/* Begin PBXProject section */
		AD7CED151C8CAD6600462DAC /* Project object */ = {
			isa = PBXProject;
			attributes = {
				LastSwiftUpdateCheck = 0710;
				LastUpgradeCheck = 0710;
				ORGANIZATIONNAME = "JUAN ANDRÉS CÁRDENAS DIAZ";
				TargetAttributes = {
					AD7CED1C1C8CAD6600462DAC = {
						CreatedOnToolsVersion = 7.1.1;
					};
				};
			};
			buildConfigurationList = AD7CED181C8CAD6600462DAC /* Build configuration list for PBXProject "MarkingRoute" */;
			compatibilityVersion = "Xcode 3.2";
			developmentRegion = English;
			hasScannedForEncodings = 0;
			knownRegions = (
				en,
				Base,
			);
			mainGroup = AD7CED141C8CAD6600462DAC;
			productRefGroup = AD7CED1E1C8CAD6600462DAC /* Products */;
			projectDirPath = "";
			projectRoot = "";
			targets = (
				AD7CED1C1C8CAD6600462DAC /* MarkingRoute */,
			);
		};
/* End PBXProject section */

/* Begin PBXResourcesBuildPhase section */
		AD7CED1B1C8CAD6600462DAC /* Resources */ = {
			isa = PBXResourcesBuildPhase;
			buildActionMask = 2147483647;
			files = (
				AD7CED2B1C8CAD6600462DAC /* LaunchScreen.storyboard in Resources */,
				AD7CED281C8CAD6600462DAC /* Assets.xcassets in Resources */,
				AD7CED261C8CAD6600462DAC /* Main.storyboard in Resources */,
			);
			runOnlyForDeploymentPostprocessing = 0;
		};
/* End PBXResourcesBuildPhase section */

/* Begin PBXSourcesBuildPhase section */
		AD7CED191C8CAD6600462DAC /* Sources */ = {
			isa = PBXSourcesBuildPhase;
			buildActionMask = 2147483647;
			files = (
				AD7CED231C8CAD6600462DAC /* ViewController.swift in Sources */,
				AD7CED211C8CAD6600462DAC /* AppDelegate.swift in Sources */,
			);
			runOnlyForDeploymentPostprocessing = 0;
		};
/* End PBXSourcesBuildPhase section */

/* Begin PBXVariantGroup section */
		AD7CED241C8CAD6600462DAC /* Main.storyboard */ = {
			isa = PBXVariantGroup;
			children = (
				AD7CED251C8CAD6600462DAC /* Base */,
			);
			name = Main.storyboard;
			sourceTree = "<group>";
		};
		AD7CED291C8CAD6600462DAC /* LaunchScreen.storyboard */ = {
			isa = PBXVariantGroup;
			children = (
				AD7CED2A1C8CAD6600462DAC /* Base */,
			);
			name = LaunchScreen.storyboard;
			sourceTree = "<group>";
		};
/* End PBXVariantGroup section */

/* Begin XCBuildConfiguration section */
		AD7CED2D1C8CAD6600462DAC /* Debug */ = {
			isa = XCBuildConfiguration;
			buildSettings = {
				ALWAYS_SEARCH_USER_PATHS = NO;
				CLANG_CXX_LANGUAGE_STANDARD = "gnu++0x";
				CLANG_CXX_LIBRARY = "libc++";
				CLANG_ENABLE_MODULES = YES;
				CLANG_ENABLE_OBJC_ARC = YES;
				CLANG_WARN_BOOL_CONVERSION = YES;
				CLANG_WARN_CONSTANT_CONVERSION = YES;
				CLANG_WARN_DIRECT_OBJC_ISA_USAGE = YES_ERROR;
				CLANG_WARN_EMPTY_BODY = YES;
				CLANG_WARN_ENUM_CONVERSION = YES;
				CLANG_WARN_INT_CONVERSION = YES;
				CLANG_WARN_OBJC_ROOT_CLASS = YES_ERROR;
				CLANG_WARN_UNREACHABLE_CODE = YES;
				CLANG_WARN__DUPLICATE_METHOD_MATCH = YES;
				"CODE_SIGN_IDENTITY[sdk=iphoneos*]" = "iPhone Developer";
				COPY_PHASE_STRIP = NO;
				DEBUG_INFORMATION_FORMAT = dwarf;
				ENABLE_STRICT_OBJC_MSGSEND = YES;
				ENABLE_TESTABILITY = YES;
				GCC_C_LANGUAGE_STANDARD = gnu99;
				GCC_DYNAMIC_NO_PIC = NO;
				GCC_NO_COMMON_BLOCKS = YES;
				GCC_OPTIMIZATION_LEVEL = 0;
				GCC_PREPROCESSOR_DEFINITIONS = (
					"DEBUG=1",
					"$(inherited)",
				);
				GCC_WARN_64_TO_32_BIT_CONVERSION = YES;
				GCC_WARN_ABOUT_RETURN_TYPE = YES_ERROR;
				GCC_WARN_UNDECLARED_SELECTOR = YES;
				GCC_WARN_UNINITIALIZED_AUTOS = YES_AGGRESSIVE;
				GCC_WARN_UNUSED_FUNCTION = YES;
				GCC_WARN_UNUSED_VARIABLE = YES;
				IPHONEOS_DEPLOYMENT_TARGET = 9.1;
				MTL_ENABLE_DEBUG_INFO = YES;
				ONLY_ACTIVE_ARCH = YES;
				SDKROOT = iphoneos;
				SWIFT_OPTIMIZATION_LEVEL = "-Onone";
			};
			name = Debug;
		};
		AD7CED2E1C8CAD6600462DAC /* Release */ = {
			isa = XCBuildConfiguration;
			buildSettings = {
				ALWAYS_SEARCH_USER_PATHS = NO;
				CLANG_CXX_LANGUAGE_STANDARD = "gnu++0x";
				CLANG_CXX_LIBRARY = "libc++";
				CLANG_ENABLE_MODULES = YES;
				CLANG_ENABLE_OBJC_ARC = YES;
				CLANG_WARN_BOOL_CONVERSION = YES;
				CLANG_WARN_CONSTANT_CONVERSION = YES;
				CLANG_WARN_DIRECT_OBJC_ISA_USAGE = YES_ERROR;
				CLANG_WARN_EMPTY_BODY = YES;
				CLANG_WARN_ENUM_CONVERSION = YES;
				CLANG_WARN_INT_CONVERSION = YES;
				CLANG_WARN_OBJC_ROOT_CLASS = YES_ERROR;
				CLANG_WARN_UNREACHABLE_CODE = YES;
				CLANG_WARN__DUPLICATE_METHOD_MATCH = YES;
				"CODE_SIGN_IDENTITY[sdk=iphoneos*]" = "iPhone Developer";
				COPY_PHASE_STRIP = NO;
				DEBUG_INFORMATION_FORMAT = "dwarf-with-dsym";
				ENABLE_NS_ASSERTIONS = NO;
				ENABLE_STRICT_OBJC_MSGSEND = YES;
				GCC_C_LANGUAGE_STANDARD = gnu99;
				GCC_NO_COMMON_BLOCKS = YES;
				GCC_WARN_64_TO_32_BIT_CONVERSION = YES;
				GCC_WARN_ABOUT_RETURN_TYPE = YES_ERROR;
				GCC_WARN_UNDECLARED_SELECTOR = YES;
				GCC_WARN_UNINITIALIZED_AUTOS = YES_AGGRESSIVE;
				GCC_WARN_UNUSED_FUNCTION = YES;
				GCC_WARN_UNUSED_VARIABLE = YES;
				IPHONEOS_DEPLOYMENT_TARGET = 9.1;
				MTL_ENABLE_DEBUG_INFO = NO;
				SDKROOT = iphoneos;
				VALIDATE_PRODUCT = YES;
			};
			name = Release;
		};
		AD7CED301C8CAD6600462DAC /* Debug */ = {
			isa = XCBuildConfiguration;
			buildSettings = {
				ASSETCATALOG_COMPILER_APPICON_NAME = AppIcon;
				INFOPLIST_FILE = MarkingRoute/Info.plist;
				LD_RUNPATH_SEARCH_PATHS = "$(inherited) @executable_path/Frameworks";
				PRODUCT_BUNDLE_IDENTIFIER = com.juancadi.ios.test.MarkingRoute;
				PRODUCT_NAME = "$(TARGET_NAME)";
			};
			name = Debug;
		};
		AD7CED311C8CAD6600462DAC /* Release */ = {
			isa = XCBuildConfiguration;
			buildSettings = {
				ASSETCATALOG_COMPILER_APPICON_NAME = AppIcon;
				INFOPLIST_FILE = MarkingRoute/Info.plist;
				LD_RUNPATH_SEARCH_PATHS = "$(inherited) @executable_path/Frameworks";
				PRODUCT_BUNDLE_IDENTIFIER = com.juancadi.ios.test.MarkingRoute;
				PRODUCT_NAME = "$(TARGET_NAME)";
			};
			name = Release;
		};
/* End XCBuildConfiguration section */

/* Begin XCConfigurationList section */
		AD7CED181C8CAD6600462DAC /* Build configuration list for PBXProject "MarkingRoute" */ = {
			isa = XCConfigurationList;
			buildConfigurations = (
				AD7CED2D1C8CAD6600462DAC /* Debug */,
				AD7CED2E1C8CAD6600462DAC /* Release */,
			);
			defaultConfigurationIsVisible = 0;
			defaultConfigurationName = Release;
		};
		AD7CED2F1C8CAD6600462DAC /* Build configuration list for PBXNativeTarget "MarkingRoute" */ = {
			isa = XCConfigurationList;
			buildConfigurations = (
				AD7CED301C8CAD6600462DAC /* Debug */,
				AD7CED311C8CAD6600462DAC /* Release */,
			);
			defaultConfigurationIsVisible = 0;
		};
/* End XCConfigurationList section */
	};
	rootObject = AD7CED151C8CAD6600462DAC /* Project object */;
}
